// !$*UTF8*$!
{
	archiveVersion = 1;
	classes = {
	};
	objectVersion = 46;
	objects = {

/* Begin PBXBuildFile section */
		463DD57A1868141600E3CD98 /* XCTest.framework in Frameworks */ = {isa = PBXBuildFile; fileRef = 463DD5791868141600E3CD98 /* XCTest.framework */; };
		463DD57C1868141600E3CD98 /* Foundation.framework in Frameworks */ = {isa = PBXBuildFile; fileRef = 463DD57B1868141600E3CD98 /* Foundation.framework */; };
		463DD57E1868141600E3CD98 /* UIKit.framework in Frameworks */ = {isa = PBXBuildFile; fileRef = 463DD57D1868141600E3CD98 /* UIKit.framework */; };
		46ABDED918681ABA007AC931 /* APAdvisedProxy.m in Sources */ = {isa = PBXBuildFile; fileRef = 46ABDED818681AB9007AC931 /* APAdvisedProxy.m */; };
		46ABDEE718682658007AC931 /* APJoinPointImpl.m in Sources */ = {isa = PBXBuildFile; fileRef = 46ABDEE618682657007AC931 /* APJoinPointImpl.m */; };
		46ABDEEA186826DF007AC931 /* APJoinPointTests.m in Sources */ = {isa = PBXBuildFile; fileRef = 46ABDEE9186826DF007AC931 /* APJoinPointTests.m */; };
		46ABDEEE18682C0E007AC931 /* AdvisedObjectMock.m in Sources */ = {isa = PBXBuildFile; fileRef = 46ABDEED18682C0E007AC931 /* AdvisedObjectMock.m */; };
		46ABDEF518683F61007AC931 /* AdviceMock.m in Sources */ = {isa = PBXBuildFile; fileRef = 46ABDEF418683F61007AC931 /* AdviceMock.m */; };
		46ABDF0C18687CE2007AC931 /* APBlockMatchingPointcut.m in Sources */ = {isa = PBXBuildFile; fileRef = 46ABDF0B18687CE2007AC931 /* APBlockMatchingPointcut.m */; };
		46ABDF0F18687D27007AC931 /* APBlockMatchingPointcutTests.m in Sources */ = {isa = PBXBuildFile; fileRef = 46ABDF0E18687D27007AC931 /* APBlockMatchingPointcutTests.m */; };
		46ABDF22186DA67C007AC931 /* APAspectManager.m in Sources */ = {isa = PBXBuildFile; fileRef = 46ABDF21186DA67C007AC931 /* APAspectManager.m */; };
		46ABDF29186DEFCE007AC931 /* APAspectManagerTests.m in Sources */ = {isa = PBXBuildFile; fileRef = 46ABDF28186DEFCE007AC931 /* APAspectManagerTests.m */; };
		CAE201E3852BD3227795D58E /* APPointcutAdvisor.m in Sources */ = {isa = PBXBuildFile; fileRef = CAE1067CBBDBB51E027BB535 /* APPointcutAdvisor.m */; };
		CAE6D3144E2DE46C79810D65 /* APInvoker.m in Sources */ = {isa = PBXBuildFile; fileRef = CAEE78C3E3E9BD1316EAE3D7 /* APInvoker.m */; };
		CAEB8091D38032B0E1ACC003 /* APAdvisedProxyTests.m in Sources */ = {isa = PBXBuildFile; fileRef = CAE89D57F12D75A812652A72 /* APAdvisedProxyTests.m */; };
		CAEBFFE072EF878652206463 /* APInvokerTests.m in Sources */ = {isa = PBXBuildFile; fileRef = CAE8685A405D984DF4901173 /* APInvokerTests.m */; };
		FE6F4E4E5FAD48CA9BA519ED /* libPods.a in Frameworks */ = {isa = PBXBuildFile; fileRef = 75DC79B4F75C4491ADAEE858 /* libPods.a */; };
/* End PBXBuildFile section */

/* Begin PBXFileReference section */
		03D6427673CF73C9C401AD45 /* Pods.debug.xcconfig */ = {isa = PBXFileReference; includeInIndex = 1; lastKnownFileType = text.xcconfig; name = Pods.debug.xcconfig; path = "Pods/Target Support Files/Pods/Pods.debug.xcconfig"; sourceTree = "<group>"; };
		463DD5761868141600E3CD98 /* iOS Tests.xctest */ = {isa = PBXFileReference; explicitFileType = wrapper.cfbundle; includeInIndex = 0; path = "iOS Tests.xctest"; sourceTree = BUILT_PRODUCTS_DIR; };
		463DD5791868141600E3CD98 /* XCTest.framework */ = {isa = PBXFileReference; lastKnownFileType = wrapper.framework; name = XCTest.framework; path = Library/Frameworks/XCTest.framework; sourceTree = DEVELOPER_DIR; };
		463DD57B1868141600E3CD98 /* Foundation.framework */ = {isa = PBXFileReference; lastKnownFileType = wrapper.framework; name = Foundation.framework; path = Library/Frameworks/Foundation.framework; sourceTree = DEVELOPER_DIR; };
		463DD57D1868141600E3CD98 /* UIKit.framework */ = {isa = PBXFileReference; lastKnownFileType = wrapper.framework; name = UIKit.framework; path = Library/Frameworks/UIKit.framework; sourceTree = DEVELOPER_DIR; };
		469AF1C61A13A06800886B38 /* libPods.a */ = {isa = PBXFileReference; lastKnownFileType = archive.ar; name = libPods.a; path = "Pods/build/Debug-iphoneos/libPods.a"; sourceTree = "<group>"; };
		469AF1C81A13A07B00886B38 /* Foundation.framework */ = {isa = PBXFileReference; lastKnownFileType = wrapper.framework; name = Foundation.framework; path = System/Library/Frameworks/Foundation.framework; sourceTree = SDKROOT; };
		46ABDED718681AB9007AC931 /* APAdvisedProxy.h */ = {isa = PBXFileReference; fileEncoding = 4; lastKnownFileType = sourcecode.c.h; name = APAdvisedProxy.h; path = ../Classes/APAdvisedProxy.h; sourceTree = "<group>"; };
		46ABDED818681AB9007AC931 /* APAdvisedProxy.m */ = {isa = PBXFileReference; fileEncoding = 4; lastKnownFileType = sourcecode.c.objc; name = APAdvisedProxy.m; path = ../Classes/APAdvisedProxy.m; sourceTree = "<group>"; };
		46ABDEDE18681F0C007AC931 /* APAdvice.h */ = {isa = PBXFileReference; fileEncoding = 4; lastKnownFileType = sourcecode.c.h; name = APAdvice.h; path = ../Classes/APAdvice.h; sourceTree = "<group>"; };
		46ABDEDF18681F0C007AC931 /* APJoinPoint.h */ = {isa = PBXFileReference; fileEncoding = 4; lastKnownFileType = sourcecode.c.h; name = APJoinPoint.h; path = ../Classes/APJoinPoint.h; sourceTree = "<group>"; };
		46ABDEE018681F0C007AC931 /* APProceedingJoinPoint.h */ = {isa = PBXFileReference; fileEncoding = 4; lastKnownFileType = sourcecode.c.h; name = APProceedingJoinPoint.h; path = ../Classes/APProceedingJoinPoint.h; sourceTree = "<group>"; };
		46ABDEE518682657007AC931 /* APJoinPointImpl.h */ = {isa = PBXFileReference; fileEncoding = 4; lastKnownFileType = sourcecode.c.h; name = APJoinPointImpl.h; path = ../Classes/APJoinPointImpl.h; sourceTree = "<group>"; };
		46ABDEE618682657007AC931 /* APJoinPointImpl.m */ = {isa = PBXFileReference; fileEncoding = 4; lastKnownFileType = sourcecode.c.objc; name = APJoinPointImpl.m; path = ../Classes/APJoinPointImpl.m; sourceTree = "<group>"; };
		46ABDEE9186826DF007AC931 /* APJoinPointTests.m */ = {isa = PBXFileReference; fileEncoding = 4; lastKnownFileType = sourcecode.c.objc; path = APJoinPointTests.m; sourceTree = "<group>"; };
		46ABDEEC18682C0E007AC931 /* AdvisedObjectMock.h */ = {isa = PBXFileReference; fileEncoding = 4; lastKnownFileType = sourcecode.c.h; path = AdvisedObjectMock.h; sourceTree = "<group>"; };
		46ABDEED18682C0E007AC931 /* AdvisedObjectMock.m */ = {isa = PBXFileReference; fileEncoding = 4; lastKnownFileType = sourcecode.c.objc; path = AdvisedObjectMock.m; sourceTree = "<group>"; };
		46ABDEF318683F61007AC931 /* AdviceMock.h */ = {isa = PBXFileReference; fileEncoding = 4; lastKnownFileType = sourcecode.c.h; path = AdviceMock.h; sourceTree = "<group>"; };
		46ABDEF418683F61007AC931 /* AdviceMock.m */ = {isa = PBXFileReference; fileEncoding = 4; lastKnownFileType = sourcecode.c.objc; path = AdviceMock.m; sourceTree = "<group>"; };
		46ABDF0A18687CE2007AC931 /* APBlockMatchingPointcut.h */ = {isa = PBXFileReference; fileEncoding = 4; lastKnownFileType = sourcecode.c.h; name = APBlockMatchingPointcut.h; path = ../Classes/APBlockMatchingPointcut.h; sourceTree = "<group>"; };
		46ABDF0B18687CE2007AC931 /* APBlockMatchingPointcut.m */ = {isa = PBXFileReference; fileEncoding = 4; lastKnownFileType = sourcecode.c.objc; name = APBlockMatchingPointcut.m; path = ../Classes/APBlockMatchingPointcut.m; sourceTree = "<group>"; };
		46ABDF0E18687D27007AC931 /* APBlockMatchingPointcutTests.m */ = {isa = PBXFileReference; fileEncoding = 4; lastKnownFileType = sourcecode.c.objc; path = APBlockMatchingPointcutTests.m; sourceTree = "<group>"; };
		46ABDF20186DA67C007AC931 /* APAspectManager.h */ = {isa = PBXFileReference; fileEncoding = 4; lastKnownFileType = sourcecode.c.h; name = APAspectManager.h; path = ../Classes/APAspectManager.h; sourceTree = "<group>"; };
		46ABDF21186DA67C007AC931 /* APAspectManager.m */ = {isa = PBXFileReference; fileEncoding = 4; lastKnownFileType = sourcecode.c.objc; name = APAspectManager.m; path = ../Classes/APAspectManager.m; sourceTree = "<group>"; };
		46ABDF28186DEFCE007AC931 /* APAspectManagerTests.m */ = {isa = PBXFileReference; fileEncoding = 4; lastKnownFileType = sourcecode.c.objc; path = APAspectManagerTests.m; sourceTree = "<group>"; };
		75DC79B4F75C4491ADAEE858 /* libPods.a */ = {isa = PBXFileReference; explicitFileType = archive.ar; includeInIndex = 0; path = libPods.a; sourceTree = BUILT_PRODUCTS_DIR; };
		CAE1067CBBDBB51E027BB535 /* APPointcutAdvisor.m */ = {isa = PBXFileReference; fileEncoding = 4; lastKnownFileType = sourcecode.c.objc; name = APPointcutAdvisor.m; path = ../Classes/APPointcutAdvisor.m; sourceTree = "<group>"; };
		CAE8685A405D984DF4901173 /* APInvokerTests.m */ = {isa = PBXFileReference; fileEncoding = 4; lastKnownFileType = sourcecode.c.objc; path = APInvokerTests.m; sourceTree = "<group>"; };
		CAE89D57F12D75A812652A72 /* APAdvisedProxyTests.m */ = {isa = PBXFileReference; fileEncoding = 4; lastKnownFileType = sourcecode.c.objc; path = APAdvisedProxyTests.m; sourceTree = "<group>"; };
		CAE9A7A3AB66A8460589BA99 /* APInvoker.h */ = {isa = PBXFileReference; fileEncoding = 4; lastKnownFileType = sourcecode.c.h; name = APInvoker.h; path = ../Classes/APInvoker.h; sourceTree = "<group>"; };
		CAEC61D2C5CD0FF9C36F43AD /* APPointcut.h */ = {isa = PBXFileReference; fileEncoding = 4; lastKnownFileType = sourcecode.c.h; name = APPointcut.h; path = ../Classes/APPointcut.h; sourceTree = "<group>"; };
		CAEE04F07EAE331F011E0A0E /* APPointcutAdvisor.h */ = {isa = PBXFileReference; fileEncoding = 4; lastKnownFileType = sourcecode.c.h; name = APPointcutAdvisor.h; path = ../Classes/APPointcutAdvisor.h; sourceTree = "<group>"; };
		CAEE78C3E3E9BD1316EAE3D7 /* APInvoker.m */ = {isa = PBXFileReference; fileEncoding = 4; lastKnownFileType = sourcecode.c.objc; name = APInvoker.m; path = ../Classes/APInvoker.m; sourceTree = "<group>"; };
		D0435379AB623426E53F926E /* Pods.release.xcconfig */ = {isa = PBXFileReference; includeInIndex = 1; lastKnownFileType = text.xcconfig; name = Pods.release.xcconfig; path = "Pods/Target Support Files/Pods/Pods.release.xcconfig"; sourceTree = "<group>"; };
/* End PBXFileReference section */

/* Begin PBXFrameworksBuildPhase section */
		463DD5731868141600E3CD98 /* Frameworks */ = {
			isa = PBXFrameworksBuildPhase;
			buildActionMask = 2147483647;
			files = (
				463DD57A1868141600E3CD98 /* XCTest.framework in Frameworks */,
				463DD57E1868141600E3CD98 /* UIKit.framework in Frameworks */,
				463DD57C1868141600E3CD98 /* Foundation.framework in Frameworks */,
				FE6F4E4E5FAD48CA9BA519ED /* libPods.a in Frameworks */,
			);
			runOnlyForDeploymentPostprocessing = 0;
		};
/* End PBXFrameworksBuildPhase section */

/* Begin PBXGroup section */
		463DD56B1868139500E3CD98 = {
			isa = PBXGroup;
			children = (
				46ABDED218681A3F007AC931 /* ApsaraAOP */,
				463DD5B31868151D00E3CD98 /* Tests */,
				463DD5781868141600E3CD98 /* Frameworks */,
				463DD5771868141600E3CD98 /* Products */,
				57726F4B1ACD46172F11820F /* Pods */,
			);
			sourceTree = "<group>";
		};
		463DD5771868141600E3CD98 /* Products */ = {
			isa = PBXGroup;
			children = (
				463DD5761868141600E3CD98 /* iOS Tests.xctest */,
			);
			name = Products;
			sourceTree = "<group>";
		};
		463DD5781868141600E3CD98 /* Frameworks */ = {
			isa = PBXGroup;
			children = (
				469AF1C81A13A07B00886B38 /* Foundation.framework */,
				469AF1C61A13A06800886B38 /* libPods.a */,
				463DD5791868141600E3CD98 /* XCTest.framework */,
				463DD57B1868141600E3CD98 /* Foundation.framework */,
				463DD57D1868141600E3CD98 /* UIKit.framework */,
				75DC79B4F75C4491ADAEE858 /* libPods.a */,
			);
			name = Frameworks;
			sourceTree = "<group>";
		};
		463DD5B31868151D00E3CD98 /* Tests */ = {
			isa = PBXGroup;
			children = (
				46ABDEE9186826DF007AC931 /* APJoinPointTests.m */,
				46ABDEEC18682C0E007AC931 /* AdvisedObjectMock.h */,
				46ABDEED18682C0E007AC931 /* AdvisedObjectMock.m */,
				46ABDEF318683F61007AC931 /* AdviceMock.h */,
				46ABDEF418683F61007AC931 /* AdviceMock.m */,
				46ABDF0E18687D27007AC931 /* APBlockMatchingPointcutTests.m */,
				46ABDF28186DEFCE007AC931 /* APAspectManagerTests.m */,
				CAE89D57F12D75A812652A72 /* APAdvisedProxyTests.m */,
				CAE8685A405D984DF4901173 /* APInvokerTests.m */,
			);
			name = Tests;
			sourceTree = "<group>";
		};
		46ABDED218681A3F007AC931 /* ApsaraAOP */ = {
			isa = PBXGroup;
			children = (
				46ABDEDE18681F0C007AC931 /* APAdvice.h */,
				46ABDEDF18681F0C007AC931 /* APJoinPoint.h */,
				46ABDEE018681F0C007AC931 /* APProceedingJoinPoint.h */,
				46ABDED718681AB9007AC931 /* APAdvisedProxy.h */,
				46ABDED818681AB9007AC931 /* APAdvisedProxy.m */,
				46ABDEE518682657007AC931 /* APJoinPointImpl.h */,
				46ABDEE618682657007AC931 /* APJoinPointImpl.m */,
				46ABDF0A18687CE2007AC931 /* APBlockMatchingPointcut.h */,
				46ABDF0B18687CE2007AC931 /* APBlockMatchingPointcut.m */,
				46ABDF20186DA67C007AC931 /* APAspectManager.h */,
				46ABDF21186DA67C007AC931 /* APAspectManager.m */,
				CAE1067CBBDBB51E027BB535 /* APPointcutAdvisor.m */,
				CAEE04F07EAE331F011E0A0E /* APPointcutAdvisor.h */,
				CAEC61D2C5CD0FF9C36F43AD /* APPointcut.h */,
				CAEE78C3E3E9BD1316EAE3D7 /* APInvoker.m */,
				CAE9A7A3AB66A8460589BA99 /* APInvoker.h */,
			);
			name = ApsaraAOP;
			sourceTree = "<group>";
		};
		57726F4B1ACD46172F11820F /* Pods */ = {
			isa = PBXGroup;
			children = (
				03D6427673CF73C9C401AD45 /* Pods.debug.xcconfig */,
				D0435379AB623426E53F926E /* Pods.release.xcconfig */,
			);
			name = Pods;
			sourceTree = "<group>";
		};
/* End PBXGroup section */

/* Begin PBXNativeTarget section */
		463DD5751868141600E3CD98 /* iOS Tests */ = {
			isa = PBXNativeTarget;
			buildConfigurationList = 463DD58A1868141700E3CD98 /* Build configuration list for PBXNativeTarget "iOS Tests" */;
			buildPhases = (
				EEAF8B7905344CCC96D0B36D /* Check Pods Manifest.lock */,
				463DD5721868141600E3CD98 /* Sources */,
				463DD5731868141600E3CD98 /* Frameworks */,
				463DD5741868141600E3CD98 /* Resources */,
				FDDAF8BC01D84E92B4E6F8EE /* Copy Pods Resources */,
			);
			buildRules = (
			);
			dependencies = (
			);
			name = "iOS Tests";
			productName = "iOS Tests";
			productReference = 463DD5761868141600E3CD98 /* iOS Tests.xctest */;
			productType = "com.apple.product-type.bundle.unit-test";
		};
/* End PBXNativeTarget section */

/* Begin PBXProject section */
		463DD56C1868139500E3CD98 /* Project object */ = {
			isa = PBXProject;
			attributes = {
				LastUpgradeCheck = 0610;
			};
			buildConfigurationList = 463DD56F1868139500E3CD98 /* Build configuration list for PBXProject "ApsaraAOPTests" */;
			compatibilityVersion = "Xcode 3.2";
			developmentRegion = English;
			hasScannedForEncodings = 0;
			knownRegions = (
				en,
			);
			mainGroup = 463DD56B1868139500E3CD98;
			productRefGroup = 463DD5771868141600E3CD98 /* Products */;
			projectDirPath = "";
			projectRoot = "";
			targets = (
				463DD5751868141600E3CD98 /* iOS Tests */,
			);
		};
/* End PBXProject section */

/* Begin PBXResourcesBuildPhase section */
		463DD5741868141600E3CD98 /* Resources */ = {
			isa = PBXResourcesBuildPhase;
			buildActionMask = 2147483647;
			files = (
			);
			runOnlyForDeploymentPostprocessing = 0;
		};
/* End PBXResourcesBuildPhase section */

/* Begin PBXShellScriptBuildPhase section */
		EEAF8B7905344CCC96D0B36D /* Check Pods Manifest.lock */ = {
			isa = PBXShellScriptBuildPhase;
			buildActionMask = 2147483647;
			files = (
			);
			inputPaths = (
			);
			name = "Check Pods Manifest.lock";
			outputPaths = (
			);
			runOnlyForDeploymentPostprocessing = 0;
			shellPath = /bin/sh;
			shellScript = "diff \"${PODS_ROOT}/../Podfile.lock\" \"${PODS_ROOT}/Manifest.lock\" > /dev/null\nif [[ $? != 0 ]] ; then\n    cat << EOM\nerror: The sandbox is not in sync with the Podfile.lock. Run 'pod install' or update your CocoaPods installation.\nEOM\n    exit 1\nfi\n";
			showEnvVarsInLog = 0;
		};
		FDDAF8BC01D84E92B4E6F8EE /* Copy Pods Resources */ = {
			isa = PBXShellScriptBuildPhase;
			buildActionMask = 2147483647;
			files = (
			);
			inputPaths = (
			);
			name = "Copy Pods Resources";
			outputPaths = (
			);
			runOnlyForDeploymentPostprocessing = 0;
			shellPath = /bin/sh;
			shellScript = "\"${SRCROOT}/Pods/Target Support Files/Pods/Pods-resources.sh\"\n";
			showEnvVarsInLog = 0;
		};
/* End PBXShellScriptBuildPhase section */

/* Begin PBXSourcesBuildPhase section */
		463DD5721868141600E3CD98 /* Sources */ = {
			isa = PBXSourcesBuildPhase;
			buildActionMask = 2147483647;
			files = (
				46ABDEE718682658007AC931 /* APJoinPointImpl.m in Sources */,
				46ABDED918681ABA007AC931 /* APAdvisedProxy.m in Sources */,
				46ABDEF518683F61007AC931 /* AdviceMock.m in Sources */,
				46ABDF22186DA67C007AC931 /* APAspectManager.m in Sources */,
				46ABDF0F18687D27007AC931 /* APBlockMatchingPointcutTests.m in Sources */,
				46ABDF29186DEFCE007AC931 /* APAspectManagerTests.m in Sources */,
				46ABDEEA186826DF007AC931 /* APJoinPointTests.m in Sources */,
				46ABDF0C18687CE2007AC931 /* APBlockMatchingPointcut.m in Sources */,
				46ABDEEE18682C0E007AC931 /* AdvisedObjectMock.m in Sources */,
				CAE201E3852BD3227795D58E /* APPointcutAdvisor.m in Sources */,
				CAE6D3144E2DE46C79810D65 /* APInvoker.m in Sources */,
				CAEB8091D38032B0E1ACC003 /* APAdvisedProxyTests.m in Sources */,
				CAEBFFE072EF878652206463 /* APInvokerTests.m in Sources */,
			);
			runOnlyForDeploymentPostprocessing = 0;
		};
/* End PBXSourcesBuildPhase section */

/* Begin XCBuildConfiguration section */
		463DD5701868139500E3CD98 /* Debug */ = {
			isa = XCBuildConfiguration;
			buildSettings = {
				IPHONEOS_DEPLOYMENT_TARGET = 5.0;
				MACOSX_DEPLOYMENT_TARGET = 10.9;
				ONLY_ACTIVE_ARCH = YES;
			};
			name = Debug;
		};
		463DD5711868139500E3CD98 /* Release */ = {
			isa = XCBuildConfiguration;
			buildSettings = {
				IPHONEOS_DEPLOYMENT_TARGET = 5.0;
				MACOSX_DEPLOYMENT_TARGET = 10.9;
			};
			name = Release;
		};
		463DD5881868141700E3CD98 /* Debug */ = {
			isa = XCBuildConfiguration;
			baseConfigurationReference = 03D6427673CF73C9C401AD45 /* Pods.debug.xcconfig */;
			buildSettings = {
				ALWAYS_SEARCH_USER_PATHS = NO;
				CLANG_CXX_LANGUAGE_STANDARD = "gnu++0x";
				CLANG_CXX_LIBRARY = "libc++";
				CLANG_ENABLE_MODULES = NO;
				CLANG_ENABLE_OBJC_ARC = YES;
				CLANG_WARN_BOOL_CONVERSION = YES;
				CLANG_WARN_CONSTANT_CONVERSION = YES;
				CLANG_WARN_DIRECT_OBJC_ISA_USAGE = YES_ERROR;
				CLANG_WARN_EMPTY_BODY = YES;
				CLANG_WARN_ENUM_CONVERSION = YES;
				CLANG_WARN_INT_CONVERSION = YES;
				CLANG_WARN_OBJC_ROOT_CLASS = YES_ERROR;
				CLANG_WARN__DUPLICATE_METHOD_MATCH = YES;
				COPY_PHASE_STRIP = NO;
				FRAMEWORK_SEARCH_PATHS = (
					"$(SDKROOT)/Developer/Library/Frameworks",
					"$(inherited)",
					"$(DEVELOPER_FRAMEWORKS_DIR)",
				);
				GCC_C_LANGUAGE_STANDARD = gnu99;
				GCC_DYNAMIC_NO_PIC = NO;
				GCC_OPTIMIZATION_LEVEL = 0;
				GCC_PRECOMPILE_PREFIX_HEADER = YES;
				GCC_PREFIX_HEADER = "ApsaraAOPTests-Prefix.pch";
				GCC_PREPROCESSOR_DEFINITIONS = (
					"DEBUG=1",
					"$(inherited)",
				);
				GCC_SYMBOLS_PRIVATE_EXTERN = NO;
				GCC_WARN_64_TO_32_BIT_CONVERSION = YES;
				GCC_WARN_ABOUT_RETURN_TYPE = YES_ERROR;
				GCC_WARN_UNDECLARED_SELECTOR = YES;
				GCC_WARN_UNINITIALIZED_AUTOS = YES;
				GCC_WARN_UNUSED_FUNCTION = YES;
				GCC_WARN_UNUSED_VARIABLE = YES;
				INFOPLIST_FILE = "ApsaraAOPTests-Info.plist";
				IPHONEOS_DEPLOYMENT_TARGET = 7.0;
				ONLY_ACTIVE_ARCH = YES;
				PRODUCT_NAME = "$(TARGET_NAME)";
				SDKROOT = iphoneos;
				WRAPPER_EXTENSION = xctest;
			};
			name = Debug;
		};
		463DD5891868141700E3CD98 /* Release */ = {
			isa = XCBuildConfiguration;
			baseConfigurationReference = D0435379AB623426E53F926E /* Pods.release.xcconfig */;
			buildSettings = {
				ALWAYS_SEARCH_USER_PATHS = NO;
				CLANG_CXX_LANGUAGE_STANDARD = "gnu++0x";
				CLANG_CXX_LIBRARY = "libc++";
				CLANG_ENABLE_MODULES = NO;
				CLANG_ENABLE_OBJC_ARC = YES;
				CLANG_WARN_BOOL_CONVERSION = YES;
				CLANG_WARN_CONSTANT_CONVERSION = YES;
				CLANG_WARN_DIRECT_OBJC_ISA_USAGE = YES_ERROR;
				CLANG_WARN_EMPTY_BODY = YES;
				CLANG_WARN_ENUM_CONVERSION = YES;
				CLANG_WARN_INT_CONVERSION = YES;
				CLANG_WARN_OBJC_ROOT_CLASS = YES_ERROR;
				CLANG_WARN__DUPLICATE_METHOD_MATCH = YES;
				COPY_PHASE_STRIP = YES;
				ENABLE_NS_ASSERTIONS = NO;
				FRAMEWORK_SEARCH_PATHS = (
					"$(SDKROOT)/Developer/Library/Frameworks",
					"$(inherited)",
					"$(DEVELOPER_FRAMEWORKS_DIR)",
				);
				GCC_C_LANGUAGE_STANDARD = gnu99;
				GCC_PRECOMPILE_PREFIX_HEADER = YES;
				GCC_PREFIX_HEADER = "ApsaraAOPTests-Prefix.pch";
				GCC_WARN_64_TO_32_BIT_CONVERSION = YES;
				GCC_WARN_ABOUT_RETURN_TYPE = YES_ERROR;
				GCC_WARN_UNDECLARED_SELECTOR = YES;
				GCC_WARN_UNINITIALIZED_AUTOS = YES;
				GCC_WARN_UNUSED_FUNCTION = YES;
				GCC_WARN_UNUSED_VARIABLE = YES;
				INFOPLIST_FILE = "ApsaraAOPTests-Info.plist";
				IPHONEOS_DEPLOYMENT_TARGET = 7.0;
				PRODUCT_NAME = "$(TARGET_NAME)";
				SDKROOT = iphoneos;
				VALIDATE_PRODUCT = YES;
				WRAPPER_EXTENSION = xctest;
			};
			name = Release;
		};
/* End XCBuildConfiguration section */

/* Begin XCConfigurationList section */
		463DD56F1868139500E3CD98 /* Build configuration list for PBXProject "ApsaraAOPTests" */ = {
			isa = XCConfigurationList;
			buildConfigurations = (
				463DD5701868139500E3CD98 /* Debug */,
				463DD5711868139500E3CD98 /* Release */,
			);
			defaultConfigurationIsVisible = 0;
			defaultConfigurationName = Release;
		};
		463DD58A1868141700E3CD98 /* Build configuration list for PBXNativeTarget "iOS Tests" */ = {
			isa = XCConfigurationList;
			buildConfigurations = (
				463DD5881868141700E3CD98 /* Debug */,
				463DD5891868141700E3CD98 /* Release */,
			);
			defaultConfigurationIsVisible = 0;
			defaultConfigurationName = Release;
		};
/* End XCConfigurationList section */
	};
	rootObject = 463DD56C1868139500E3CD98 /* Project object */;
}
